# THIS IS AN AUTOGENERATED FILE. DO NOT EDIT THIS FILE DIRECTLY.
# yarn lockfile v1
double-ended-queue@^2.1.0-0:
  version "2.1.0-0"
  resolved "https://registry.yarnpkg.com/double-ended-queue/-/double-ended-queue-2.1.0-0.tgz#103d3527fd31528f40188130c841efdd78264e5c"

highland:
  version "2.10.1"
  resolved "https://registry.yarnpkg.com/highland/-/highland-2.10.1.tgz#f2c1dbe5f8e4d06ba6bcd594f9c6d3b124df94e1"
  dependencies:
    util-deprecate "^1.0.2"

redis:
  version "2.6.3"
  resolved "https://registry.yarnpkg.com/redis/-/redis-2.6.3.tgz#84305b92553c6a1f09c7c47c30b11ace7dbb7ad4"
  dependencies:
    double-ended-queue "^2.1.0-0"
    redis-commands "^1.2.0"
    redis-parser "^2.0.0"

redis-commands@^1.2.0:
  version "1.3.0"
  resolved "https://registry.yarnpkg.com/redis-commands/-/redis-commands-1.3.0.tgz#4307d8094aee1315829ab6729b37b99f62365d63"

redis-parser@^2.0.0:
  version "2.3.0"
  resolved "https://registry.yarnpkg.com/redis-parser/-/redis-parser-2.3.0.tgz#313a47965e49ee35ab3a86c93388b403d76237f6"

util-deprecate@^1.0.2:
  version "1.0.2"
  resolved "https://registry.yarnpkg.com/util-deprecate/-/util-deprecate-1.0.2.tgz#450d4dc9fa70de732762fbd2d4a28981419a0ccf"

uuid:
  version "3.0.1"
  resolved "https://registry.yarnpkg.com/uuid/-/uuid-3.0.1.tgz#6544bba2dfda8c1cf17e629a3a305e2bb1fee6c1"

